
Microsoft Visual Studio Solution File, Format Version 12.00
# Visual Studio Version 17
VisualStudioVersion = 17.11.35219.272
MinimumVisualStudioVersion = 10.0.40219.1
Project("{FAE04EC0-301F-11D3-BF4B-00C04F79EFBC}") = "RestoranMenüSiparisMVC", "RestoranMenüSiparisMVC\RestoranMenüSiparisMVC.csproj", "{2BB4D6A3-C63B-46D1-8B70-7413DEBDC754}"
EndProject
Global
	GlobalSection(SolutionConfigurationPlatforms) = preSolution
		Debug|Any CPU = Debug|Any CPU
		Release|Any CPU = Release|Any CPU
	EndGlobalSection
	GlobalSection(ProjectConfigurationPlatforms) = postSolution
		{2BB4D6A3-C63B-46D1-8B70-7413DEBDC754}.Debug|Any CPU.ActiveCfg = Debug|Any CPU
		{2BB4D6A3-C63B-46D1-8B70-7413DEBDC754}.Debug|Any CPU.Build.0 = Debug|Any CPU
		{2BB4D6A3-C63B-46D1-8B70-7413DEBDC754}.Release|Any CPU.ActiveCfg = Release|Any CPU
		{2BB4D6A3-C63B-46D1-8B70-7413DEBDC754}.Release|Any CPU.Build.0 = Release|Any CPU
	EndGlobalSection
	GlobalSection(SolutionProperties) = preSolution
		HideSolutionNode = FALSE
	EndGlobalSection
	GlobalSection(ExtensibilityGlobals) = postSolution
		SolutionGuid = {F6752E67-C42C-4BDB-83B6-FF131B0CBBE9}
	EndGlobalSection
EndGlobal
